
Microsoft Visual Studio Solution File, Format Version 12.00
# Visual Studio Version 17
VisualStudioVersion = 17.7.34031.279
MinimumVisualStudioVersion = 10.0.40219.1
Project("{FAE04EC0-301F-11D3-BF4B-00C04F79EFBC}") = "BeautyBoxAPI", "BeautyBoxAPI\BeautyBoxAPI.csproj", "{D5891903-6299-4C8B-BFD7-35E36C84174A}"
EndProject
Global
	GlobalSection(SolutionConfigurationPlatforms) = preSolution
		Debug|Any CPU = Debug|Any CPU
		Release|Any CPU = Release|Any CPU
	EndGlobalSection
	GlobalSection(ProjectConfigurationPlatforms) = postSolution
		{D5891903-6299-4C8B-BFD7-35E36C84174A}.Debug|Any CPU.ActiveCfg = Debug|Any CPU
		{D5891903-6299-4C8B-BFD7-35E36C84174A}.Debug|Any CPU.Build.0 = Debug|Any CPU
		{D5891903-6299-4C8B-BFD7-35E36C84174A}.Release|Any CPU.ActiveCfg = Release|Any CPU
		{D5891903-6299-4C8B-BFD7-35E36C84174A}.Release|Any CPU.Build.0 = Release|Any CPU
	EndGlobalSection
	GlobalSection(SolutionProperties) = preSolution
		HideSolutionNode = FALSE
	EndGlobalSection
	GlobalSection(ExtensibilityGlobals) = postSolution
		SolutionGuid = {595693F7-4565-4C42-B52E-AB6B6BBDDE9B}
	EndGlobalSection
EndGlobal
